
Microsoft Visual Studio Solution File, Format Version 12.00
# Visual Studio Version 17
VisualStudioVersion = 17.10.35013.160
MinimumVisualStudioVersion = 10.0.40219.1
Project("{FAE04EC0-301F-11D3-BF4B-00C04F79EFBC}") = "Sudoku Solver Gui", "Sudoku Solver Gui\Sudoku Solver Gui.csproj", "{A426EEC7-07AD-41EE-A998-9FAE69F19C80}"
EndProject
Global
	GlobalSection(SolutionConfigurationPlatforms) = preSolution
		Debug|Any CPU = Debug|Any CPU
		Release|Any CPU = Release|Any CPU
	EndGlobalSection
	GlobalSection(ProjectConfigurationPlatforms) = postSolution
		{A426EEC7-07AD-41EE-A998-9FAE69F19C80}.Debug|Any CPU.ActiveCfg = Debug|Any CPU
		{A426EEC7-07AD-41EE-A998-9FAE69F19C80}.Debug|Any CPU.Build.0 = Debug|Any CPU
		{A426EEC7-07AD-41EE-A998-9FAE69F19C80}.Release|Any CPU.ActiveCfg = Release|Any CPU
		{A426EEC7-07AD-41EE-A998-9FAE69F19C80}.Release|Any CPU.Build.0 = Release|Any CPU
	EndGlobalSection
	GlobalSection(SolutionProperties) = preSolution
		HideSolutionNode = FALSE
	EndGlobalSection
	GlobalSection(ExtensibilityGlobals) = postSolution
		SolutionGuid = {2526E118-4614-42DE-92D5-0FE880686B33}
	EndGlobalSection
EndGlobal
